
Microsoft Visual Studio Solution File, Format Version 12.00
# Visual Studio Version 17
VisualStudioVersion = 17.9.34622.214
MinimumVisualStudioVersion = 10.0.40219.1
Project("{FAE04EC0-301F-11D3-BF4B-00C04F79EFBC}") = "Api", "Api\Api.csproj", "{44FD965A-DDE6-4724-BC5D-5BAB8F2EBB5B}"
EndProject
Project("{FAE04EC0-301F-11D3-BF4B-00C04F79EFBC}") = "infraestrocture", "infraestrocture\infraestrocture.csproj", "{16FEB0EC-7B94-45DA-9093-3BC070CFB11F}"
EndProject
Project("{FAE04EC0-301F-11D3-BF4B-00C04F79EFBC}") = "Domain", "Domain\Domain.csproj", "{7DA973D9-3887-45E9-AD44-09E2A68CECA5}"
EndProject
Project("{FAE04EC0-301F-11D3-BF4B-00C04F79EFBC}") = "Aplication", "Aplication\Aplication.csproj", "{E28ECDE1-5B38-4ED6-8F65-BC7E5E6393CA}"
EndProject
Global
	GlobalSection(SolutionConfigurationPlatforms) = preSolution
		Debug|Any CPU = Debug|Any CPU
		Release|Any CPU = Release|Any CPU
	EndGlobalSection
	GlobalSection(ProjectConfigurationPlatforms) = postSolution
		{44FD965A-DDE6-4724-BC5D-5BAB8F2EBB5B}.Debug|Any CPU.ActiveCfg = Debug|Any CPU
		{44FD965A-DDE6-4724-BC5D-5BAB8F2EBB5B}.Debug|Any CPU.Build.0 = Debug|Any CPU
		{44FD965A-DDE6-4724-BC5D-5BAB8F2EBB5B}.Release|Any CPU.ActiveCfg = Release|Any CPU
		{44FD965A-DDE6-4724-BC5D-5BAB8F2EBB5B}.Release|Any CPU.Build.0 = Release|Any CPU
		{16FEB0EC-7B94-45DA-9093-3BC070CFB11F}.Debug|Any CPU.ActiveCfg = Debug|Any CPU
		{16FEB0EC-7B94-45DA-9093-3BC070CFB11F}.Debug|Any CPU.Build.0 = Debug|Any CPU
		{16FEB0EC-7B94-45DA-9093-3BC070CFB11F}.Release|Any CPU.ActiveCfg = Release|Any CPU
		{16FEB0EC-7B94-45DA-9093-3BC070CFB11F}.Release|Any CPU.Build.0 = Release|Any CPU
		{7DA973D9-3887-45E9-AD44-09E2A68CECA5}.Debug|Any CPU.ActiveCfg = Debug|Any CPU
		{7DA973D9-3887-45E9-AD44-09E2A68CECA5}.Debug|Any CPU.Build.0 = Debug|Any CPU
		{7DA973D9-3887-45E9-AD44-09E2A68CECA5}.Release|Any CPU.ActiveCfg = Release|Any CPU
		{7DA973D9-3887-45E9-AD44-09E2A68CECA5}.Release|Any CPU.Build.0 = Release|Any CPU
		{E28ECDE1-5B38-4ED6-8F65-BC7E5E6393CA}.Debug|Any CPU.ActiveCfg = Debug|Any CPU
		{E28ECDE1-5B38-4ED6-8F65-BC7E5E6393CA}.Debug|Any CPU.Build.0 = Debug|Any CPU
		{E28ECDE1-5B38-4ED6-8F65-BC7E5E6393CA}.Release|Any CPU.ActiveCfg = Release|Any CPU
		{E28ECDE1-5B38-4ED6-8F65-BC7E5E6393CA}.Release|Any CPU.Build.0 = Release|Any CPU
	EndGlobalSection
	GlobalSection(SolutionProperties) = preSolution
		HideSolutionNode = FALSE
	EndGlobalSection
	GlobalSection(ExtensibilityGlobals) = postSolution
		SolutionGuid = {48A4812E-F362-4FE7-8A9D-D33A720A98C9}
	EndGlobalSection
EndGlobal
